{
    "_meta": {
        "hash": {
            "sha256": "8ff461edb542c8ba1f4835adbf508d90f24526d8a26b37f373b21316307f25ca"
        },
        "host-environment-markers": {
            "implementation_name": "cpython",
            "implementation_version": "3.6.2",
            "os_name": "posix",
            "platform_machine": "x86_64",
            "platform_python_implementation": "CPython",
            "platform_release": "16.7.0",
            "platform_system": "Darwin",
            "platform_version": "Darwin Kernel Version 16.7.0: Thu Jun 15 17:36:27 PDT 2017; root:xnu-3789.70.16~2/RELEASE_X86_64",
            "python_full_version": "3.6.2",
            "python_version": "3.6",
            "sys_platform": "darwin"
        },
        "pipfile-spec": 6,
        "requires": {},
        "sources": [
            {
                "name": "pypi",
                "url": "https://pypi.python.org/simple",
                "verify_ssl": true
            }
        ]
    },
    "default": {
        "click": {
            "hashes": [
                "sha256:c6848c6ea265af7dc3264ab83c2671ea3777c7e433019c7be18c9cc7878ee1f2",
                "sha256:e339ed09f25e2145314c902a870bc959adcb25653a2bd5cc1b48d9f56edf8ed8"
            ],
            "version": "==4.1"
        },
        "decorator": {
            "hashes": [
                "sha256:7f4a9599355fe2e3d10353340ee79d65f1b48e424db09fb9349171ecdb0cfb1c",
                "sha256:1a089279d5de2471c47624d4463f2e5b3fc6a2cf65045c39bf714fc461a25206"
            ],
            "version": "==4.0.2"
        },
        "flask": {
            "hashes": [
                "sha256:4c83829ff83d408b5e1d4995472265411d2c414112298f2eb4b359d9e4563373"
            ],
            "version": "==0.10.1"
        },
        "flask-sqlalchemy": {
            "hashes": [
                "sha256:990387d2cff83df7feb40e9d6b286f2679144258480249cbd47b88dc0939e886"
            ],
            "version": "==2.0"
        },
        "flask-wtf": {
            "hashes": [
                "sha256:99c5d75663d6bfcbf4dd0d71ffcb7313f64ae90e6f89e09ad99080107033e8b6",
                "sha256:bd99316c97ed1d1cb90b8f0c242c86420a891a6a2058f20717e424bf5b0bb80e"
            ],
            "version": "==0.12"
        },
        "geocoder": {
            "hashes": [
                "sha256:626acef7c7c411ee6b4d6ef58c0a3443d49a116807b8719dfb65c4a1cdb2faa9",
                "sha256:3ea95a2429d1c6bbfb00b7901a17a0b07988e95fb4a82bf1b1f9ae28fbf061d8"
            ],
            "version": "==1.4.1"
        },
        "gunicorn": {
            "hashes": [
                "sha256:a5179cde922d2b4e045ee5b11e87323ee77d363ae40294fc8252f25d6a0eaf06",
                "sha256:8bc835082882ad9a012cd790c460011e4d96bf3512d98a04d3dabbe45393a089"
            ],
            "version": "==19.3.0"
        },
        "itsdangerous": {
            "hashes": [
                "sha256:cbb3fcf8d3e33df861709ecaf89d9e6629cff0a217bc2848f1b41cd30d360519"
            ],
            "version": "==0.24"
        },
        "jinja2": {
            "hashes": [
                "sha256:1cc03ef32b64be19e0a5b54578dd790906a34943fe9102cfdae0d4495bd536b4",
                "sha256:bc1ff2ff88dbfacefde4ddde471d1417d3b304e8df103a7a9437d47269201bf4"
            ],
            "version": "==2.8"
        },
        "markupsafe": {
            "hashes": [
                "sha256:a4ec1aff59b95a14b45eb2e23761a0179e98319da5a7eb76b56ea8cdc7b871c3"
            ],
            "version": "==0.23"
        },
        "psycopg2": {
            "hashes": [
                "sha256:6d196184d1e8b140bc5af1d5eeda8aeed26a241317d8860992e83e8acefa6177",
                "sha256:09cb52215db4a8c68a765f2da33fafbd049e7611cb70708ff8c5f7a3c89ce364",
                "sha256:fe8446b2f680a99ac114af2c90f8b69e56052ff4d2359c510a8dc61d252ac325",
                "sha256:0d9f8043c3d2262a7ad2d8cf8dfd2630b12207e69b829b6f4092e47556a3f572",
                "sha256:7ccbe6665535bc0cc13c83dab71b424bde0999f5f0a69b29b557ecc41cd0f8dc",
                "sha256:d9468943b49c798d3fada2e76dd59832eb786e0b0196a108de7ed3aae3ca16c1",
                "sha256:5515581466f1a7aa74f7b435311bdbd686b2f2dda4f0c7c95f802c444b05eda9",
                "sha256:0cf35f41d1c87b01ce0b3cb0b88d64285a2c9bf95c1f5299ae9dcaa6fdd8c66c",
                "sha256:267814317483571e637a32d15d71ef6c8e3b05a2ecba97b2b0d71fa7ea9eb1f5",
                "sha256:2c1d3c0e4c929f1401879cb5ce9a043afce85255f9439bd7cebaf025149c5a20",
                "sha256:6acf9abbbe757ef75dc2ecd9d91ba749547941abaffbe69ff2086a9e37d4904c"
            ],
            "version": "==2.6.1"
        },
        "ratelim": {
            "hashes": [
                "sha256:e1a7dd39e6b552b7cc7f52169cd66cdb826a1a30198e355d7016012987c9ad08",
                "sha256:826d32177e11f9a12831901c9fda6679fd5bbea3605910820167088f5acbb11d"
            ],
            "version": "==0.1.6"
        },
        "requests": {
            "hashes": [
                "sha256:20f976cdce02a42b69ce80e9e03897a51814b36d448b37288546086ebc473146",
                "sha256:398a3db6d61899d25fd4a06c6ca12051b0ce171d705decd7ed5511517b4bb93d"
            ],
            "version": "==2.7.0"
        },
        "six": {
            "hashes": [
                "sha256:832dc0e10feb1aa2c68dcc57dbb658f1c7e65b9b61af69048abc87a2db00a0eb",
                "sha256:70e8a77beed4562e7f14fe23a786b54f6296e34344c23bc42f07b15018ff98e9"
            ],
            "version": "==1.11.0"
        },
        "sqlalchemy": {
            "hashes": [
                "sha256:950c79c0abf9e9f99c43c627c51d40d14a946810a90c35e7cd827bfd0bffe46f"
            ],
            "version": "==1.0.8"
        },
        "werkzeug": {
            "hashes": [
                "sha256:a438aa8c3f513a5cf3dda02a62f9e022b7598e9fbfeba14ba2d6dd957c8ab436",
                "sha256:9d2771e4c89be127bc4bac056ab7ceaf0e0064c723d6b6e195739c3af4fd5c1d"
            ],
            "version": "==0.10.4"
        },
        "wtforms": {
            "hashes": [
                "sha256:4423cd4f0ebf584e99f66e6bcee23b6acb18d6c8cec64ce8627939ef7ff2d0af",
                "sha256:da3a39b57460c88539cb4eb3e36aa2946aa7ce4dfaa01ccd2a23f47f70a1b5de",
                "sha256:10737758ceae03b53021f3aa7e81bfc8dd6f679c879ffeb5e64ac6570facb6c1"
            ],
            "version": "==2.0.2"
        }
    },
    "develop": {}
}
